
Microsoft Visual Studio Solution File, Format Version 12.00
# Visual Studio Version 17
VisualStudioVersion = 17.3.32811.315
MinimumVisualStudioVersion = 10.0.40219.1
Project("{9A19103F-16F7-4668-BE54-9A1E7A4F7556}") = "BalanceManager.API", "src\BalanceManager.API\BalanceManager.API.csproj", "{646E0969-E69E-4174-A362-BB51CAA21923}"
EndProject
Project("{2150E333-8FDC-42A3-9474-1A3956D46DE8}") = "Core", "Core", "{EEAB401A-4B2F-4FAD-A3C6-22A0AF30094A}"
EndProject
Project("{2150E333-8FDC-42A3-9474-1A3956D46DE8}") = "Infrastructure", "Infrastructure", "{1FF8BF68-7383-4D6C-99B9-694BE3B7ED09}"
EndProject
Project("{2150E333-8FDC-42A3-9474-1A3956D46DE8}") = "Presentation", "Presentation", "{6636FB9B-F2D2-4747-9F6C-E322BD89C218}"
EndProject
Project("{FAE04EC0-301F-11D3-BF4B-00C04F79EFBC}") = "BalanceManager.Application", "src\BalanceManager.Application\BalanceManager.Application.csproj", "{DD905897-E483-4FE8-99F7-607E1A4BE75B}"
EndProject
Project("{FAE04EC0-301F-11D3-BF4B-00C04F79EFBC}") = "BalanceManager.Domain", "src\BalanceManager.Domain\BalanceManager.Domain.csproj", "{31F2D10B-7850-4635-9F63-8B3BB7998090}"
EndProject
Project("{FAE04EC0-301F-11D3-BF4B-00C04F79EFBC}") = "BalanceManager.Persistence", "src\BalanceManager.Persistence\BalanceManager.Persistence.csproj", "{31032103-C101-4E5C-91F9-05579DFAAED2}"
EndProject
Global
	GlobalSection(SolutionConfigurationPlatforms) = preSolution
		Debug|Any CPU = Debug|Any CPU
		Release|Any CPU = Release|Any CPU
	EndGlobalSection
	GlobalSection(ProjectConfigurationPlatforms) = postSolution
		{646E0969-E69E-4174-A362-BB51CAA21923}.Debug|Any CPU.ActiveCfg = Debug|Any CPU
		{646E0969-E69E-4174-A362-BB51CAA21923}.Debug|Any CPU.Build.0 = Debug|Any CPU
		{646E0969-E69E-4174-A362-BB51CAA21923}.Release|Any CPU.ActiveCfg = Release|Any CPU
		{646E0969-E69E-4174-A362-BB51CAA21923}.Release|Any CPU.Build.0 = Release|Any CPU
		{DD905897-E483-4FE8-99F7-607E1A4BE75B}.Debug|Any CPU.ActiveCfg = Debug|Any CPU
		{DD905897-E483-4FE8-99F7-607E1A4BE75B}.Debug|Any CPU.Build.0 = Debug|Any CPU
		{DD905897-E483-4FE8-99F7-607E1A4BE75B}.Release|Any CPU.ActiveCfg = Release|Any CPU
		{DD905897-E483-4FE8-99F7-607E1A4BE75B}.Release|Any CPU.Build.0 = Release|Any CPU
		{31F2D10B-7850-4635-9F63-8B3BB7998090}.Debug|Any CPU.ActiveCfg = Debug|Any CPU
		{31F2D10B-7850-4635-9F63-8B3BB7998090}.Debug|Any CPU.Build.0 = Debug|Any CPU
		{31F2D10B-7850-4635-9F63-8B3BB7998090}.Release|Any CPU.ActiveCfg = Release|Any CPU
		{31F2D10B-7850-4635-9F63-8B3BB7998090}.Release|Any CPU.Build.0 = Release|Any CPU
		{31032103-C101-4E5C-91F9-05579DFAAED2}.Debug|Any CPU.ActiveCfg = Debug|Any CPU
		{31032103-C101-4E5C-91F9-05579DFAAED2}.Debug|Any CPU.Build.0 = Debug|Any CPU
		{31032103-C101-4E5C-91F9-05579DFAAED2}.Release|Any CPU.ActiveCfg = Release|Any CPU
		{31032103-C101-4E5C-91F9-05579DFAAED2}.Release|Any CPU.Build.0 = Release|Any CPU
	EndGlobalSection
	GlobalSection(SolutionProperties) = preSolution
		HideSolutionNode = FALSE
	EndGlobalSection
	GlobalSection(NestedProjects) = preSolution
		{646E0969-E69E-4174-A362-BB51CAA21923} = {6636FB9B-F2D2-4747-9F6C-E322BD89C218}
		{DD905897-E483-4FE8-99F7-607E1A4BE75B} = {EEAB401A-4B2F-4FAD-A3C6-22A0AF30094A}
		{31F2D10B-7850-4635-9F63-8B3BB7998090} = {EEAB401A-4B2F-4FAD-A3C6-22A0AF30094A}
		{31032103-C101-4E5C-91F9-05579DFAAED2} = {1FF8BF68-7383-4D6C-99B9-694BE3B7ED09}
	EndGlobalSection
	GlobalSection(ExtensibilityGlobals) = postSolution
		SolutionGuid = {328EBB7C-7AE8-484A-ABF3-3713F949EB90}
	EndGlobalSection
EndGlobal
