
Microsoft Visual Studio Solution File, Format Version 12.00
# Visual Studio Version 17
VisualStudioVersion = 17.3.32811.315
MinimumVisualStudioVersion = 10.0.40219.1
Project("{9A19103F-16F7-4668-BE54-9A1E7A4F7556}") = "BalanceManager.API", "src\BalanceManager.API\BalanceManager.API.csproj", "{646E0969-E69E-4174-A362-BB51CAA21923}"
EndProject
Global
	GlobalSection(SolutionConfigurationPlatforms) = preSolution
		Debug|Any CPU = Debug|Any CPU
		Release|Any CPU = Release|Any CPU
	EndGlobalSection
	GlobalSection(ProjectConfigurationPlatforms) = postSolution
		{646E0969-E69E-4174-A362-BB51CAA21923}.Debug|Any CPU.ActiveCfg = Debug|Any CPU
		{646E0969-E69E-4174-A362-BB51CAA21923}.Debug|Any CPU.Build.0 = Debug|Any CPU
		{646E0969-E69E-4174-A362-BB51CAA21923}.Release|Any CPU.ActiveCfg = Release|Any CPU
		{646E0969-E69E-4174-A362-BB51CAA21923}.Release|Any CPU.Build.0 = Release|Any CPU
	EndGlobalSection
	GlobalSection(SolutionProperties) = preSolution
		HideSolutionNode = FALSE
	EndGlobalSection
	GlobalSection(ExtensibilityGlobals) = postSolution
		SolutionGuid = {328EBB7C-7AE8-484A-ABF3-3713F949EB90}
	EndGlobalSection
EndGlobal
